// !$*UTF8*$!
{
	archiveVersion = 1;
	classes = {
	};
	objectVersion = 56;
	objects = {

/* Begin PBXBuildFile section */
		85379EC50F4947CCA2250477 /* PangoLockApp.swift in Sources */ = {isa = PBXBuildFile; fileRef = 185D968928704A769CA5CC54 /* PangoLockApp.swift */; };
		465B309A2B1A426F8639A2BA /* ContentView.swift in Sources */ = {isa = PBXBuildFile; fileRef = BEA149CBFF2F4A03A7981338 /* ContentView.swift */; };
		0978D2F40BA84673B0F72FFF /* KeyDerivation.swift in Sources */ = {isa = PBXBuildFile; fileRef = DE758E0943244690A9F01448 /* KeyDerivation.swift */; };
		9EC4EC92E593454A949A328B /* CryptoService.swift in Sources */ = {isa = PBXBuildFile; fileRef = BD7AF3E0ECBD4932AE9EC8E0 /* CryptoService.swift */; };
		66C455A90C7E466CB2856B0C /* KeychainService.swift in Sources */ = {isa = PBXBuildFile; fileRef = A83A8487D6524DE48A8A7C4D /* KeychainService.swift */; };
		C6A4E1501EAD48B3B0E8F9EB /* SecureWipe.swift in Sources */ = {isa = PBXBuildFile; fileRef = AB5AA79F3FC44781B124B7A9 /* SecureWipe.swift */; };
		4632236D6CE741A5B7D54517 /* KeyDerivation.swift in Sources */ = {isa = PBXBuildFile; fileRef = DE758E0943244690A9F01448 /* KeyDerivation.swift */; };
		A9FDEFC774334A6987DCBBE1 /* CryptoService.swift in Sources */ = {isa = PBXBuildFile; fileRef = BD7AF3E0ECBD4932AE9EC8E0 /* CryptoService.swift */; };
		EF07F6A68A0E4214A209D596 /* KeychainService.swift in Sources */ = {isa = PBXBuildFile; fileRef = A83A8487D6524DE48A8A7C4D /* KeychainService.swift */; };
		C2A0DE141FC0413CAD0064A3 /* SecureWipe.swift in Sources */ = {isa = PBXBuildFile; fileRef = AB5AA79F3FC44781B124B7A9 /* SecureWipe.swift */; };
		E461D065DD444D918433CDBD /* CryptoServiceTests.swift in Sources */ = {isa = PBXBuildFile; fileRef = B67A5FDF0424401283F2B6EA /* CryptoServiceTests.swift */; };
		CDD8BE5233404CA38BA4DE63 /* KeychainServiceTests.swift in Sources */ = {isa = PBXBuildFile; fileRef = 975FA9FC49D54CFC911CB57C /* KeychainServiceTests.swift */; };
/* End PBXBuildFile section */

/* Begin PBXFileReference section */
		55CD694A392A441C8C149356 /* PangoLock.app */ = {isa = PBXFileReference; explicitFileType = wrapper.application; includeInIndex = 0; path = PangoLock.app; sourceTree = BUILT_PRODUCTS_DIR; };
		0D57030679AD427ABE02E834 /* PangoLockTests.xctest */ = {isa = PBXFileReference; explicitFileType = wrapper.cfbundle; includeInIndex = 0; path = PangoLockTests.xctest; sourceTree = BUILT_PRODUCTS_DIR; };
		185D968928704A769CA5CC54 /* PangoLockApp.swift */ = {isa = PBXFileReference; lastKnownFileType = sourcecode.swift; path = PangoLockApp.swift; sourceTree = "<group>"; };
		BEA149CBFF2F4A03A7981338 /* ContentView.swift */ = {isa = PBXFileReference; lastKnownFileType = sourcecode.swift; path = ContentView.swift; sourceTree = "<group>"; };
		DE758E0943244690A9F01448 /* KeyDerivation.swift */ = {isa = PBXFileReference; lastKnownFileType = sourcecode.swift; path = KeyDerivation.swift; sourceTree = "<group>"; };
		BD7AF3E0ECBD4932AE9EC8E0 /* CryptoService.swift */ = {isa = PBXFileReference; lastKnownFileType = sourcecode.swift; path = CryptoService.swift; sourceTree = "<group>"; };
		A83A8487D6524DE48A8A7C4D /* KeychainService.swift */ = {isa = PBXFileReference; lastKnownFileType = sourcecode.swift; path = KeychainService.swift; sourceTree = "<group>"; };
		AB5AA79F3FC44781B124B7A9 /* SecureWipe.swift */ = {isa = PBXFileReference; lastKnownFileType = sourcecode.swift; path = SecureWipe.swift; sourceTree = "<group>"; };
		B67A5FDF0424401283F2B6EA /* CryptoServiceTests.swift */ = {isa = PBXFileReference; lastKnownFileType = sourcecode.swift; path = CryptoServiceTests.swift; sourceTree = "<group>"; };
		975FA9FC49D54CFC911CB57C /* KeychainServiceTests.swift */ = {isa = PBXFileReference; lastKnownFileType = sourcecode.swift; path = KeychainServiceTests.swift; sourceTree = "<group>"; };
/* End PBXFileReference section */

/* Begin PBXFrameworksBuildPhase section */
		E1E48D00E3AC4F1D883CDA2B /* Frameworks */ = {
			isa = PBXFrameworksBuildPhase;
			buildActionMask = 2147483647;
			files = (
			);
			runOnlyForDeploymentPostprocessing = 0;
		};
		418DBBB8187D47EFA31C82BA /* Frameworks */ = {
			isa = PBXFrameworksBuildPhase;
			buildActionMask = 2147483647;
			files = (
			);
			runOnlyForDeploymentPostprocessing = 0;
		};
/* End PBXFrameworksBuildPhase section */

/* Begin PBXGroup section */
		5E68FD0079FF41CC8B797697 = {
			isa = PBXGroup;
			children = (
				24986CDED42341D8BAC9EDD4 /* Sources */,
				62AA992A7E534D70A7C2162C /* Tests */,
				FC8153D2BDBB41AA846DAEE7 /* Products */,
			);
			sourceTree = "<group>";
		};
		FC8153D2BDBB41AA846DAEE7 /* Products */ = {
			isa = PBXGroup;
			children = (
				55CD694A392A441C8C149356 /* PangoLock.app */,
				0D57030679AD427ABE02E834 /* PangoLockTests.xctest */,
			);
			name = Products;
			sourceTree = "<group>";
		};
		24986CDED42341D8BAC9EDD4 /* Sources */ = {
			isa = PBXGroup;
			children = (
				DAD445337ECB466788A8FD43 /* App */,
				7ABD95B1F6B241A38B4B5CB7 /* Views */,
				CEBB63485F37443399FD23C1 /* Services */,
			);
			path = Sources;
			sourceTree = "<group>";
		};
		DAD445337ECB466788A8FD43 /* App */ = {
			isa = PBXGroup;
			children = (
				185D968928704A769CA5CC54 /* PangoLockApp.swift */,
			);
			path = App;
			sourceTree = "<group>";
		};
		7ABD95B1F6B241A38B4B5CB7 /* Views */ = {
			isa = PBXGroup;
			children = (
				BEA149CBFF2F4A03A7981338 /* ContentView.swift */,
			);
			path = Views;
			sourceTree = "<group>";
		};
		CEBB63485F37443399FD23C1 /* Services */ = {
			isa = PBXGroup;
			children = (
				DE758E0943244690A9F01448 /* KeyDerivation.swift */,
				BD7AF3E0ECBD4932AE9EC8E0 /* CryptoService.swift */,
				A83A8487D6524DE48A8A7C4D /* KeychainService.swift */,
				AB5AA79F3FC44781B124B7A9 /* SecureWipe.swift */,
			);
			path = Services;
			sourceTree = "<group>";
		};
		62AA992A7E534D70A7C2162C /* Tests */ = {
			isa = PBXGroup;
			children = (
				B67A5FDF0424401283F2B6EA /* CryptoServiceTests.swift */,
				975FA9FC49D54CFC911CB57C /* KeychainServiceTests.swift */,
			);
			path = Tests;
			sourceTree = "<group>";
		};
/* End PBXGroup section */

/* Begin PBXNativeTarget section */
		1AD2EC59F60A4A0EB6D0E88C /* PangoLock */ = {
			isa = PBXNativeTarget;
			buildConfigurationList = A9810DD5DB0C44A3ABAEE525 /* Build configuration list for PBXNativeTarget "PangoLock" */;
			buildPhases = (
				89527978C5644EAAB17BC220 /* Sources */,
				E1E48D00E3AC4F1D883CDA2B /* Frameworks */,
				C469E90152E14D9E80D63897 /* Resources */,
			);
			buildRules = (
			);
			dependencies = (
			);
			name = PangoLock;
			productName = PangoLock;
			productReference = 55CD694A392A441C8C149356 /* PangoLock.app */;
			productType = "com.apple.product-type.application";
		};
		751EED3522DE4571A9D6AB7F /* PangoLockTests */ = {
			isa = PBXNativeTarget;
			buildConfigurationList = ACAE1517CD1A4A68A1C6F22D /* Build configuration list for PBXNativeTarget "PangoLockTests" */;
			buildPhases = (
				ECB5594AC9B948DCBFB93BE4 /* Sources */,
				418DBBB8187D47EFA31C82BA /* Frameworks */,
				E62C3206CA7A451CAE61A316 /* Resources */,
			);
			buildRules = (
			);
			dependencies = (
			);
			name = PangoLockTests;
			productName = PangoLockTests;
			productReference = 0D57030679AD427ABE02E834 /* PangoLockTests.xctest */;
			productType = "com.apple.product-type.bundle.unit-test";
		};
/* End PBXNativeTarget section */

/* Begin PBXProject section */
		50204AD9FD3A496F98FF8819 /* Project object */ = {
			isa = PBXProject;
			attributes = {
				BuildIndependentTargetsInParallel = 1;
				LastSwiftUpdateCheck = 1610;
				LastUpgradeCheck = 1610;
				TargetAttributes = {
					1AD2EC59F60A4A0EB6D0E88C = {
						CreatedOnToolsVersion = 16.1;
					};
					751EED3522DE4571A9D6AB7F = {
						CreatedOnToolsVersion = 16.1;
					};
				};
			};
			buildConfigurationList = 93E1B7359BF4494795F8CAB6 /* Build configuration list for PBXProject "PangoLock" */;
			compatibilityVersion = "Xcode 14.0";
			developmentRegion = en;
			hasScannedForEncodings = 0;
			knownRegions = (
				en,
				Base,
			);
			mainGroup = 5E68FD0079FF41CC8B797697;
			productRefGroup = FC8153D2BDBB41AA846DAEE7 /* Products */;
			projectDirPath = "";
			projectRoot = "";
			targets = (
				1AD2EC59F60A4A0EB6D0E88C /* PangoLock */,
				751EED3522DE4571A9D6AB7F /* PangoLockTests */,
			);
		};
/* End PBXProject section */

/* Begin PBXResourcesBuildPhase section */
		C469E90152E14D9E80D63897 /* Resources */ = {
			isa = PBXResourcesBuildPhase;
			buildActionMask = 2147483647;
			files = (
			);
			runOnlyForDeploymentPostprocessing = 0;
		};
		E62C3206CA7A451CAE61A316 /* Resources */ = {
			isa = PBXResourcesBuildPhase;
			buildActionMask = 2147483647;
			files = (
			);
			runOnlyForDeploymentPostprocessing = 0;
		};
/* End PBXResourcesBuildPhase section */

/* Begin PBXSourcesBuildPhase section */
		89527978C5644EAAB17BC220 /* Sources */ = {
			isa = PBXSourcesBuildPhase;
			buildActionMask = 2147483647;
			files = (
				85379EC50F4947CCA2250477 /* PangoLockApp.swift in Sources */,
				465B309A2B1A426F8639A2BA /* ContentView.swift in Sources */,
				0978D2F40BA84673B0F72FFF /* KeyDerivation.swift in Sources */,
				9EC4EC92E593454A949A328B /* CryptoService.swift in Sources */,
				66C455A90C7E466CB2856B0C /* KeychainService.swift in Sources */,
				C6A4E1501EAD48B3B0E8F9EB /* SecureWipe.swift in Sources */,
			);
			runOnlyForDeploymentPostprocessing = 0;
		};
		ECB5594AC9B948DCBFB93BE4 /* Sources */ = {
			isa = PBXSourcesBuildPhase;
			buildActionMask = 2147483647;
			files = (
				E461D065DD444D918433CDBD /* CryptoServiceTests.swift in Sources */,
				CDD8BE5233404CA38BA4DE63 /* KeychainServiceTests.swift in Sources */,
				4632236D6CE741A5B7D54517 /* KeyDerivation.swift in Sources */,
				A9FDEFC774334A6987DCBBE1 /* CryptoService.swift in Sources */,
				EF07F6A68A0E4214A209D596 /* KeychainService.swift in Sources */,
				C2A0DE141FC0413CAD0064A3 /* SecureWipe.swift in Sources */,
			);
			runOnlyForDeploymentPostprocessing = 0;
		};
/* End PBXSourcesBuildPhase section */

/* Begin XCBuildConfiguration section */
		B6D9C08D84BC40889A47D720 /* Debug */ = {
			isa = XCBuildConfiguration;
			buildSettings = {
				ALWAYS_SEARCH_USER_PATHS = NO;
				CLANG_ANALYZER_NONNULL = YES;
				CLANG_ENABLE_MODULES = YES;
				CLANG_ENABLE_OBJC_ARC = YES;
				COPY_PHASE_STRIP = NO;
				DEBUG_INFORMATION_FORMAT = dwarf;
				ENABLE_STRICT_OBJC_MSGSEND = YES;
				ENABLE_TESTABILITY = YES;
				GCC_C_LANGUAGE_STANDARD = gnu17;
				GCC_DYNAMIC_NO_PIC = NO;
				GCC_OPTIMIZATION_LEVEL = 0;
				GCC_PREPROCESSOR_DEFINITIONS = (
					"DEBUG=1",
					"$(inherited)",
				);
				MACOSX_DEPLOYMENT_TARGET = 13.0;
				MTL_ENABLE_DEBUG_INFO = INCLUDE_SOURCE;
				ONLY_ACTIVE_ARCH = YES;
				SDKROOT = macosx;
				SWIFT_ACTIVE_COMPILATION_CONDITIONS = DEBUG;
				SWIFT_OPTIMIZATION_LEVEL = "-Onone";
			};
			name = Debug;
		};
		08D61985A24041F8821829BA /* Release */ = {
			isa = XCBuildConfiguration;
			buildSettings = {
				ALWAYS_SEARCH_USER_PATHS = NO;
				CLANG_ANALYZER_NONNULL = YES;
				CLANG_ENABLE_MODULES = YES;
				CLANG_ENABLE_OBJC_ARC = YES;
				COPY_PHASE_STRIP = NO;
				DEBUG_INFORMATION_FORMAT = "dwarf-with-dsym";
				ENABLE_NS_ASSERTIONS = NO;
				ENABLE_STRICT_OBJC_MSGSEND = YES;
				GCC_C_LANGUAGE_STANDARD = gnu17;
				MACOSX_DEPLOYMENT_TARGET = 13.0;
				MTL_ENABLE_DEBUG_INFO = NO;
				SDKROOT = macosx;
				SWIFT_COMPILATION_MODE = wholemodule;
				SWIFT_OPTIMIZATION_LEVEL = "-O";
			};
			name = Release;
		};
		5DC587ECEAF240EBB94588E1 /* Debug */ = {
			isa = XCBuildConfiguration;
			buildSettings = {
				ASSETCATALOG_COMPILER_GENERATE_ASSET_SYMBOLS = NO;
				CODE_SIGN_STYLE = Automatic;
				COMBINE_HIDPI_IMAGES = YES;
				CURRENT_PROJECT_VERSION = 1;
				ENABLE_HARDENED_RUNTIME = YES;
				GENERATE_INFOPLIST_FILE = YES;
				INFOPLIST_KEY_NSHumanReadableCopyright = "";
				LD_RUNPATH_SEARCH_PATHS = (
					"$(inherited)",
					"@executable_path/../Frameworks",
				);
				MARKETING_VERSION = 0.1.0;
				PRODUCT_BUNDLE_IDENTIFIER = com.pangolock.app;
				PRODUCT_NAME = "$(TARGET_NAME)";
				SWIFT_EMIT_LOC_STRINGS = YES;
				SWIFT_VERSION = 5.0;
			};
			name = Debug;
		};
		B150D5F155404B2C91562A8E /* Release */ = {
			isa = XCBuildConfiguration;
			buildSettings = {
				ASSETCATALOG_COMPILER_GENERATE_ASSET_SYMBOLS = NO;
				CODE_SIGN_STYLE = Automatic;
				COMBINE_HIDPI_IMAGES = YES;
				CURRENT_PROJECT_VERSION = 1;
				ENABLE_HARDENED_RUNTIME = YES;
				GENERATE_INFOPLIST_FILE = YES;
				INFOPLIST_KEY_NSHumanReadableCopyright = "";
				LD_RUNPATH_SEARCH_PATHS = (
					"$(inherited)",
					"@executable_path/../Frameworks",
				);
				MARKETING_VERSION = 0.1.0;
				PRODUCT_BUNDLE_IDENTIFIER = com.pangolock.app;
				PRODUCT_NAME = "$(TARGET_NAME)";
				SWIFT_EMIT_LOC_STRINGS = YES;
				SWIFT_VERSION = 5.0;
			};
			name = Release;
		};
		7CA815940DFE4CF2BA2AD6DE /* Debug */ = {
			isa = XCBuildConfiguration;
			buildSettings = {
				ALWAYS_EMBED_SWIFT_STANDARD_LIBRARIES = YES;
				CODE_SIGN_STYLE = Automatic;
				CURRENT_PROJECT_VERSION = 1;
				ENABLE_TESTING_SEARCH_PATHS = YES;
				GENERATE_INFOPLIST_FILE = YES;
				LD_RUNPATH_SEARCH_PATHS = (
					"$(inherited)",
					"@executable_path/../Frameworks",
					"@loader_path/../Frameworks",
				);
				MACOSX_DEPLOYMENT_TARGET = 13.0;
				MARKETING_VERSION = 0.1.0;
				PRODUCT_BUNDLE_IDENTIFIER = com.pangolock.tests;
				PRODUCT_NAME = "$(TARGET_NAME)";
				SWIFT_EMIT_LOC_STRINGS = NO;
				SWIFT_VERSION = 5.0;
			};
			name = Debug;
		};
		2645C8A8BC1149C691A7E9EA /* Release */ = {
			isa = XCBuildConfiguration;
			buildSettings = {
				ALWAYS_EMBED_SWIFT_STANDARD_LIBRARIES = YES;
				CODE_SIGN_STYLE = Automatic;
				CURRENT_PROJECT_VERSION = 1;
				ENABLE_TESTING_SEARCH_PATHS = YES;
				GENERATE_INFOPLIST_FILE = YES;
				LD_RUNPATH_SEARCH_PATHS = (
					"$(inherited)",
					"@executable_path/../Frameworks",
					"@loader_path/../Frameworks",
				);
				MACOSX_DEPLOYMENT_TARGET = 13.0;
				MARKETING_VERSION = 0.1.0;
				PRODUCT_BUNDLE_IDENTIFIER = com.pangolock.tests;
				PRODUCT_NAME = "$(TARGET_NAME)";
				SWIFT_EMIT_LOC_STRINGS = NO;
				SWIFT_VERSION = 5.0;
			};
			name = Release;
		};
/* End XCBuildConfiguration section */

/* Begin XCConfigurationList section */
		93E1B7359BF4494795F8CAB6 /* Build configuration list for PBXProject "PangoLock" */ = {
			isa = XCConfigurationList;
			buildConfigurations = (
				B6D9C08D84BC40889A47D720 /* Debug */,
				08D61985A24041F8821829BA /* Release */,
			);
			defaultConfigurationIsVisible = 0;
			defaultConfigurationName = Release;
		};
		A9810DD5DB0C44A3ABAEE525 /* Build configuration list for PBXNativeTarget "PangoLock" */ = {
			isa = XCConfigurationList;
			buildConfigurations = (
				5DC587ECEAF240EBB94588E1 /* Debug */,
				B150D5F155404B2C91562A8E /* Release */,
			);
			defaultConfigurationIsVisible = 0;
			defaultConfigurationName = Release;
		};
		ACAE1517CD1A4A68A1C6F22D /* Build configuration list for PBXNativeTarget "PangoLockTests" */ = {
			isa = XCConfigurationList;
			buildConfigurations = (
				7CA815940DFE4CF2BA2AD6DE /* Debug */,
				2645C8A8BC1149C691A7E9EA /* Release */,
			);
			defaultConfigurationIsVisible = 0;
			defaultConfigurationName = Release;
		};
/* End XCConfigurationList section */
	};
	rootObject = 50204AD9FD3A496F98FF8819 /* Project object */;
}
