// !$*UTF8*$!
{
	archiveVersion = 1;
	classes = {
	};
	objectVersion = 56;
	objects = {

/* Begin PBXBuildFile section */
		85379EC50F4947CCA2250477 /* PangoLockApp.swift in Sources */ = {isa = PBXBuildFile; fileRef = 185D968928704A769CA5CC54 /* PangoLockApp.swift */; };
		465B309A2B1A426F8639A2BA /* ContentView.swift in Sources */ = {isa = PBXBuildFile; fileRef = BEA149CBFF2F4A03A7981338 /* ContentView.swift */; };
		0978D2F40BA84673B0F72FFF /* KeyDerivation.swift in Sources */ = {isa = PBXBuildFile; fileRef = DE758E0943244690A9F01448 /* KeyDerivation.swift */; };
		9EC4EC92E593454A949A328B /* CryptoService.swift in Sources */ = {isa = PBXBuildFile; fileRef = BD7AF3E0ECBD4932AE9EC8E0 /* CryptoService.swift */; };
		66C455A90C7E466CB2856B0C /* KeychainService.swift in Sources */ = {isa = PBXBuildFile; fileRef = A83A8487D6524DE48A8A7C4D /* KeychainService.swift */; };
		C6A4E1501EAD48B3B0E8F9EB /* SecureWipe.swift in Sources */ = {isa = PBXBuildFile; fileRef = AB5AA79F3FC44781B124B7A9 /* SecureWipe.swift */; };
		4632236D6CE741A5B7D54517 /* KeyDerivation.swift in Sources */ = {isa = PBXBuildFile; fileRef = DE758E0943244690A9F01448 /* KeyDerivation.swift */; };
		A9FDEFC774334A6987DCBBE1 /* CryptoService.swift in Sources */ = {isa = PBXBuildFile; fileRef = BD7AF3E0ECBD4932AE9EC8E0 /* CryptoService.swift */; };
		EF07F6A68A0E4214A209D596 /* KeychainService.swift in Sources */ = {isa = PBXBuildFile; fileRef = A83A8487D6524DE48A8A7C4D /* KeychainService.swift */; };
		C2A0DE141FC0413CAD0064A3 /* SecureWipe.swift in Sources */ = {isa = PBXBuildFile; fileRef = AB5AA79F3FC44781B124B7A9 /* SecureWipe.swift */; };
		D423257C74C7432EA6F27BAC /* BiometricAuth.swift in Sources */ = {isa = PBXBuildFile; fileRef = 4BD475D114E6446CA4E36A63 /* BiometricAuth.swift */; };
		FAA50AD37A3E498B81910A04 /* AuthService.swift in Sources */ = {isa = PBXBuildFile; fileRef = D4D8297906D3450F848A2727 /* AuthService.swift */; };
		56A33ED823344678B78DB543 /* BiometricAuth.swift in Sources */ = {isa = PBXBuildFile; fileRef = 4BD475D114E6446CA4E36A63 /* BiometricAuth.swift */; };
		F63F005F05C5432FA6EB9AEF /* AuthService.swift in Sources */ = {isa = PBXBuildFile; fileRef = D4D8297906D3450F848A2727 /* AuthService.swift */; };
		6D0A416219D54642A4B568B0 /* AuthServiceTests.swift in Sources */ = {isa = PBXBuildFile; fileRef = CF639448B4B1423C87647BA4 /* AuthServiceTests.swift */; };
		50B5B8C399E3459D80B011B3 /* VaultItem.swift in Sources */ = {isa = PBXBuildFile; fileRef = 4AC890CC580A400084028DD1 /* VaultItem.swift */; };
		BF83E6D91DCB488897385EC6 /* RegistryStore.swift in Sources */ = {isa = PBXBuildFile; fileRef = 85F251357D1E4BBD9C6741ED /* RegistryStore.swift */; };
		336D12ADBEFA44F3A0B03541 /* FileSystemService.swift in Sources */ = {isa = PBXBuildFile; fileRef = 77F7DAB9A72B4B06ADCF5897 /* FileSystemService.swift */; };
		FBDCBB59D90A44BEB02F8BE6 /* VaultManager.swift in Sources */ = {isa = PBXBuildFile; fileRef = 42A7EFD9985941F7BAE19D6A /* VaultManager.swift */; };
		90DD67561FC441BEA04B278E /* VaultItem.swift in Sources */ = {isa = PBXBuildFile; fileRef = 4AC890CC580A400084028DD1 /* VaultItem.swift */; };
		0865FF1A4CF94DB09D53554A /* RegistryStore.swift in Sources */ = {isa = PBXBuildFile; fileRef = 85F251357D1E4BBD9C6741ED /* RegistryStore.swift */; };
		378C1298944B4692BAD8CB41 /* FileSystemService.swift in Sources */ = {isa = PBXBuildFile; fileRef = 77F7DAB9A72B4B06ADCF5897 /* FileSystemService.swift */; };
		6B4E528622FE49CB81A7E981 /* VaultManager.swift in Sources */ = {isa = PBXBuildFile; fileRef = 42A7EFD9985941F7BAE19D6A /* VaultManager.swift */; };
		6EF07D5CF9ED47ACBB064C01 /* RegistryStoreTests.swift in Sources */ = {isa = PBXBuildFile; fileRef = D31C349C20474161BF870A53 /* RegistryStoreTests.swift */; };
		16963977EA2B479FAF23FAFD /* FileSystemServiceTests.swift in Sources */ = {isa = PBXBuildFile; fileRef = 65C81761BBB54E5F9C52E4A8 /* FileSystemServiceTests.swift */; };
		9102EFC0A2224866AA951EDA /* VaultManagerTests.swift in Sources */ = {isa = PBXBuildFile; fileRef = F1784C2EA5EC47CA94667A2D /* VaultManagerTests.swift */; };
		C4BD675F13BF43EB9BC077D5 /* FolderArchiver.swift in Sources */ = {isa = PBXBuildFile; fileRef = 533B7F04EB6F45D1B7EB0BA6 /* FolderArchiver.swift */; };
		2DD1BD019FBE447EBDBECBA1 /* FolderArchiver.swift in Sources */ = {isa = PBXBuildFile; fileRef = 533B7F04EB6F45D1B7EB0BA6 /* FolderArchiver.swift */; };
		5584779A7B744CC1B9C59BD3 /* FolderArchiverTests.swift in Sources */ = {isa = PBXBuildFile; fileRef = F0FFD22135D74073A102394B /* FolderArchiverTests.swift */; };
		E8EA7E3402BF48468F1B6DC0 /* VaultManagerLockTests.swift in Sources */ = {isa = PBXBuildFile; fileRef = 8517295945524B98B67ED0E6 /* VaultManagerLockTests.swift */; };
		52C06A4B220441DBA3B55649 /* AppModel.swift in Sources */ = {isa = PBXBuildFile; fileRef = 7B5DE625E04C481694700328 /* AppModel.swift */; };
		8485276AF7E041AE96FFF904 /* OnboardingView.swift in Sources */ = {isa = PBXBuildFile; fileRef = D4B20D32B71B45479175C777 /* OnboardingView.swift */; };
		9D564FD6F5CB42569177318D /* LockedView.swift in Sources */ = {isa = PBXBuildFile; fileRef = 0B9F628365DE42508F6548E5 /* LockedView.swift */; };
		C77E8E039A8A4FE483DFA8F8 /* VaultListView.swift in Sources */ = {isa = PBXBuildFile; fileRef = 4D54226C45304E9D82ACB9FB /* VaultListView.swift */; };
		61503C13493A46D5A8D47D14 /* SettingsView.swift in Sources */ = {isa = PBXBuildFile; fileRef = A7715AD2C3D44939925F404D /* SettingsView.swift */; };
		8F6BF123F84C4B128E124DE5 /* AppModel.swift in Sources */ = {isa = PBXBuildFile; fileRef = 7B5DE625E04C481694700328 /* AppModel.swift */; };
		16C9377B46A143D4A4D26226 /* AppModelTests.swift in Sources */ = {isa = PBXBuildFile; fileRef = 089317B28BBC4B6EB94FB61C /* AppModelTests.swift */; };
		A59DCDBD419E4C3CAE79420A /* ShredderService.swift in Sources */ = {isa = PBXBuildFile; fileRef = EFAD4987A7D84527A0319FF4 /* ShredderService.swift */; };
		3A607E96ECB247C0A7EACCC4 /* IntruderEvent.swift in Sources */ = {isa = PBXBuildFile; fileRef = DA591E3AA1DC4CF795D2A4BE /* IntruderEvent.swift */; };
		881C02CF68E34FB0A1F99BCB /* IntruderService.swift in Sources */ = {isa = PBXBuildFile; fileRef = B0D5633B6A6E4EA89DCB5B80 /* IntruderService.swift */; };
		CDCF5517C5E645BAAD8487C5 /* ShredderService.swift in Sources */ = {isa = PBXBuildFile; fileRef = EFAD4987A7D84527A0319FF4 /* ShredderService.swift */; };
		23383BAC21184BE1838046F4 /* IntruderEvent.swift in Sources */ = {isa = PBXBuildFile; fileRef = DA591E3AA1DC4CF795D2A4BE /* IntruderEvent.swift */; };
		0D2F1B72932C4174B3452D6A /* IntruderService.swift in Sources */ = {isa = PBXBuildFile; fileRef = B0D5633B6A6E4EA89DCB5B80 /* IntruderService.swift */; };
		9CC8C96B8DDB4A179F9B438E /* ShredderServiceTests.swift in Sources */ = {isa = PBXBuildFile; fileRef = 5984571843A04EEC9F6AF4BB /* ShredderServiceTests.swift */; };
		D6F2C00D8F3546F28FE0A6BD /* IntruderServiceTests.swift in Sources */ = {isa = PBXBuildFile; fileRef = F1B8E58494804A2C8F353C1D /* IntruderServiceTests.swift */; };
		C778A41CEBAE4C859A4FB353 /* CameraCapture.swift in Sources */ = {isa = PBXBuildFile; fileRef = 5B4891FD8A174B7597AD137F /* CameraCapture.swift */; };
		C22C92ABD7FB4A919E936AA9 /* StealthMode.swift in Sources */ = {isa = PBXBuildFile; fileRef = 72C083BBBF984F54BC662706 /* StealthMode.swift */; };
		2C9FE2062B2B4B3883E6D855 /* AutoLockController.swift in Sources */ = {isa = PBXBuildFile; fileRef = F6701F45486C4281B9646BE1 /* AutoLockController.swift */; };
		17B71CAF2D9D49F589C05B53 /* IntruderLogView.swift in Sources */ = {isa = PBXBuildFile; fileRef = 55E1C45DE9FD44DDB54F5985 /* IntruderLogView.swift */; };
		AE10C0FFEE0042A1B0C0DE01 /* WalletView.swift in Sources */ = {isa = PBXBuildFile; fileRef = BE10C0FFEE0042A1B0C0DE02 /* WalletView.swift */; };
		AE2000000000000000000001 /* SecurityScopedAccess.swift in Sources */ = {isa = PBXBuildFile; fileRef = BE2000000000000000000002 /* SecurityScopedAccess.swift */; };
		CE2000000000000000000003 /* SecurityScopedAccess.swift in Sources */ = {isa = PBXBuildFile; fileRef = BE2000000000000000000002 /* SecurityScopedAccess.swift */; };
		AE3000000000000000000001 /* FailSafeTests.swift in Sources */ = {isa = PBXBuildFile; fileRef = BE3000000000000000000002 /* FailSafeTests.swift */; };
		AF5000000000000000000001 /* Assets.xcassets in Resources */ = {isa = PBXBuildFile; fileRef = BF5000000000000000000002 /* Assets.xcassets */; };
		8C24006595DC47199F1A30B6 /* CameraCapture.swift in Sources */ = {isa = PBXBuildFile; fileRef = 5B4891FD8A174B7597AD137F /* CameraCapture.swift */; };
		25DD09C3790746F599006EBE /* EncryptedArchive.swift in Sources */ = {isa = PBXBuildFile; fileRef = 0A7EED3A481A43A3A0BB9B97 /* EncryptedArchive.swift */; };
		0470A634320841FD9ED236C3 /* EncryptedArchive.swift in Sources */ = {isa = PBXBuildFile; fileRef = 0A7EED3A481A43A3A0BB9B97 /* EncryptedArchive.swift */; };
		A52EDBA7B1E34D9687D863BE /* SharingService.swift in Sources */ = {isa = PBXBuildFile; fileRef = C330AA0E8E654D6E911716D5 /* SharingService.swift */; };
		9C47C926C156461FAD95C4D7 /* SharingService.swift in Sources */ = {isa = PBXBuildFile; fileRef = C330AA0E8E654D6E911716D5 /* SharingService.swift */; };
		2E0F28FBE5CE439C898BA196 /* PortableLockerService.swift in Sources */ = {isa = PBXBuildFile; fileRef = FCDF6CAD09044995AEF9F8CB /* PortableLockerService.swift */; };
		0664F9FB6E8C4013A9A1F506 /* PortableLockerService.swift in Sources */ = {isa = PBXBuildFile; fileRef = FCDF6CAD09044995AEF9F8CB /* PortableLockerService.swift */; };
		20C7D9EBF2824B87B4DE9B14 /* BackupService.swift in Sources */ = {isa = PBXBuildFile; fileRef = DAF5D06FE9294D8FBCD56F6C /* BackupService.swift */; };
		A8988248A1FE404E8A12AF3C /* BackupService.swift in Sources */ = {isa = PBXBuildFile; fileRef = DAF5D06FE9294D8FBCD56F6C /* BackupService.swift */; };
		B6CD3A90F72E4848A61B4F01 /* RecoveryService.swift in Sources */ = {isa = PBXBuildFile; fileRef = 91DA96A2C66D4995AF19C423 /* RecoveryService.swift */; };
		A5B5F81789694401940AE8E3 /* RecoveryService.swift in Sources */ = {isa = PBXBuildFile; fileRef = 91DA96A2C66D4995AF19C423 /* RecoveryService.swift */; };
		1C6DEB04ED864CE49172B7B1 /* WalletService.swift in Sources */ = {isa = PBXBuildFile; fileRef = 82777EF2544B4ECEAAEC37A0 /* WalletService.swift */; };
		61F310FE0A554A89ADD399BE /* WalletService.swift in Sources */ = {isa = PBXBuildFile; fileRef = 82777EF2544B4ECEAAEC37A0 /* WalletService.swift */; };
		5804241895D446629995F30D /* PasswordGenerator.swift in Sources */ = {isa = PBXBuildFile; fileRef = 4F399E08201A45E881DC7CEF /* PasswordGenerator.swift */; };
		46085C8E79954693A1607C3A /* PasswordGenerator.swift in Sources */ = {isa = PBXBuildFile; fileRef = 4F399E08201A45E881DC7CEF /* PasswordGenerator.swift */; };
		48428578C7554D9CB3F8E789 /* CloudAwareness.swift in Sources */ = {isa = PBXBuildFile; fileRef = EB409A73971348F0BA7B286A /* CloudAwareness.swift */; };
		7E7E1FEA7B914893B1AD1364 /* CloudAwareness.swift in Sources */ = {isa = PBXBuildFile; fileRef = EB409A73971348F0BA7B286A /* CloudAwareness.swift */; };
		9DB2520E1D004585820C3DF9 /* TraceCleanerService.swift in Sources */ = {isa = PBXBuildFile; fileRef = F9B0777C07EC4AE783BFF3C5 /* TraceCleanerService.swift */; };
		E230E6B764CB4FC293AF5024 /* TraceCleanerService.swift in Sources */ = {isa = PBXBuildFile; fileRef = F9B0777C07EC4AE783BFF3C5 /* TraceCleanerService.swift */; };
		7EFA5286AE5743F89EF7FA36 /* WalletCard.swift in Sources */ = {isa = PBXBuildFile; fileRef = EED49E1291A14C0DB104F103 /* WalletCard.swift */; };
		59905BB48F65437F94490B46 /* WalletCard.swift in Sources */ = {isa = PBXBuildFile; fileRef = EED49E1291A14C0DB104F103 /* WalletCard.swift */; };
		1139E3609C3A42E0ABE2E6C4 /* EncryptedArchiveTests.swift in Sources */ = {isa = PBXBuildFile; fileRef = D97DBF272BC6481D85A79531 /* EncryptedArchiveTests.swift */; };
		1C5D3A0F97D14F9C8C67662F /* RecoveryServiceTests.swift in Sources */ = {isa = PBXBuildFile; fileRef = B9C882E29D7140FFB2BA806B /* RecoveryServiceTests.swift */; };
		A81AFB8BC9DF46F9A4714F6A /* WalletServiceTests.swift in Sources */ = {isa = PBXBuildFile; fileRef = 3597AC6B2EC148E6812E62E4 /* WalletServiceTests.swift */; };
		ADF46A6D998840E29E9C36BD /* CloudAndTraceTests.swift in Sources */ = {isa = PBXBuildFile; fileRef = 960BD66409EE4932A3DDA5CA /* CloudAndTraceTests.swift */; };
		E461D065DD444D918433CDBD /* CryptoServiceTests.swift in Sources */ = {isa = PBXBuildFile; fileRef = B67A5FDF0424401283F2B6EA /* CryptoServiceTests.swift */; };
		CDD8BE5233404CA38BA4DE63 /* KeychainServiceTests.swift in Sources */ = {isa = PBXBuildFile; fileRef = 975FA9FC49D54CFC911CB57C /* KeychainServiceTests.swift */; };
/* End PBXBuildFile section */

/* Begin PBXFileReference section */
		55CD694A392A441C8C149356 /* PangoLock.app */ = {isa = PBXFileReference; explicitFileType = wrapper.application; includeInIndex = 0; path = PangoLock.app; sourceTree = BUILT_PRODUCTS_DIR; };
		0D57030679AD427ABE02E834 /* PangoLockTests.xctest */ = {isa = PBXFileReference; explicitFileType = wrapper.cfbundle; includeInIndex = 0; path = PangoLockTests.xctest; sourceTree = BUILT_PRODUCTS_DIR; };
		185D968928704A769CA5CC54 /* PangoLockApp.swift */ = {isa = PBXFileReference; lastKnownFileType = sourcecode.swift; path = PangoLockApp.swift; sourceTree = "<group>"; };
		BEA149CBFF2F4A03A7981338 /* ContentView.swift */ = {isa = PBXFileReference; lastKnownFileType = sourcecode.swift; path = ContentView.swift; sourceTree = "<group>"; };
		DE758E0943244690A9F01448 /* KeyDerivation.swift */ = {isa = PBXFileReference; lastKnownFileType = sourcecode.swift; path = KeyDerivation.swift; sourceTree = "<group>"; };
		BD7AF3E0ECBD4932AE9EC8E0 /* CryptoService.swift */ = {isa = PBXFileReference; lastKnownFileType = sourcecode.swift; path = CryptoService.swift; sourceTree = "<group>"; };
		A83A8487D6524DE48A8A7C4D /* KeychainService.swift */ = {isa = PBXFileReference; lastKnownFileType = sourcecode.swift; path = KeychainService.swift; sourceTree = "<group>"; };
		AB5AA79F3FC44781B124B7A9 /* SecureWipe.swift */ = {isa = PBXFileReference; lastKnownFileType = sourcecode.swift; path = SecureWipe.swift; sourceTree = "<group>"; };
		B67A5FDF0424401283F2B6EA /* CryptoServiceTests.swift */ = {isa = PBXFileReference; lastKnownFileType = sourcecode.swift; path = CryptoServiceTests.swift; sourceTree = "<group>"; };
		975FA9FC49D54CFC911CB57C /* KeychainServiceTests.swift */ = {isa = PBXFileReference; lastKnownFileType = sourcecode.swift; path = KeychainServiceTests.swift; sourceTree = "<group>"; };
		D4D8297906D3450F848A2727 /* AuthService.swift */ = {isa = PBXFileReference; lastKnownFileType = sourcecode.swift; path = AuthService.swift; sourceTree = "<group>"; };
		4BD475D114E6446CA4E36A63 /* BiometricAuth.swift */ = {isa = PBXFileReference; lastKnownFileType = sourcecode.swift; path = BiometricAuth.swift; sourceTree = "<group>"; };
		CF639448B4B1423C87647BA4 /* AuthServiceTests.swift */ = {isa = PBXFileReference; lastKnownFileType = sourcecode.swift; path = AuthServiceTests.swift; sourceTree = "<group>"; };
		4AC890CC580A400084028DD1 /* VaultItem.swift */ = {isa = PBXFileReference; lastKnownFileType = sourcecode.swift; path = VaultItem.swift; sourceTree = "<group>"; };
		85F251357D1E4BBD9C6741ED /* RegistryStore.swift */ = {isa = PBXFileReference; lastKnownFileType = sourcecode.swift; path = RegistryStore.swift; sourceTree = "<group>"; };
		77F7DAB9A72B4B06ADCF5897 /* FileSystemService.swift */ = {isa = PBXFileReference; lastKnownFileType = sourcecode.swift; path = FileSystemService.swift; sourceTree = "<group>"; };
		42A7EFD9985941F7BAE19D6A /* VaultManager.swift */ = {isa = PBXFileReference; lastKnownFileType = sourcecode.swift; path = VaultManager.swift; sourceTree = "<group>"; };
		D31C349C20474161BF870A53 /* RegistryStoreTests.swift */ = {isa = PBXFileReference; lastKnownFileType = sourcecode.swift; path = RegistryStoreTests.swift; sourceTree = "<group>"; };
		65C81761BBB54E5F9C52E4A8 /* FileSystemServiceTests.swift */ = {isa = PBXFileReference; lastKnownFileType = sourcecode.swift; path = FileSystemServiceTests.swift; sourceTree = "<group>"; };
		F1784C2EA5EC47CA94667A2D /* VaultManagerTests.swift */ = {isa = PBXFileReference; lastKnownFileType = sourcecode.swift; path = VaultManagerTests.swift; sourceTree = "<group>"; };
		533B7F04EB6F45D1B7EB0BA6 /* FolderArchiver.swift */ = {isa = PBXFileReference; lastKnownFileType = sourcecode.swift; path = FolderArchiver.swift; sourceTree = "<group>"; };
		F0FFD22135D74073A102394B /* FolderArchiverTests.swift */ = {isa = PBXFileReference; lastKnownFileType = sourcecode.swift; path = FolderArchiverTests.swift; sourceTree = "<group>"; };
		8517295945524B98B67ED0E6 /* VaultManagerLockTests.swift */ = {isa = PBXFileReference; lastKnownFileType = sourcecode.swift; path = VaultManagerLockTests.swift; sourceTree = "<group>"; };
		7B5DE625E04C481694700328 /* AppModel.swift */ = {isa = PBXFileReference; lastKnownFileType = sourcecode.swift; path = AppModel.swift; sourceTree = "<group>"; };
		D4B20D32B71B45479175C777 /* OnboardingView.swift */ = {isa = PBXFileReference; lastKnownFileType = sourcecode.swift; path = OnboardingView.swift; sourceTree = "<group>"; };
		0B9F628365DE42508F6548E5 /* LockedView.swift */ = {isa = PBXFileReference; lastKnownFileType = sourcecode.swift; path = LockedView.swift; sourceTree = "<group>"; };
		4D54226C45304E9D82ACB9FB /* VaultListView.swift */ = {isa = PBXFileReference; lastKnownFileType = sourcecode.swift; path = VaultListView.swift; sourceTree = "<group>"; };
		A7715AD2C3D44939925F404D /* SettingsView.swift */ = {isa = PBXFileReference; lastKnownFileType = sourcecode.swift; path = SettingsView.swift; sourceTree = "<group>"; };
		089317B28BBC4B6EB94FB61C /* AppModelTests.swift */ = {isa = PBXFileReference; lastKnownFileType = sourcecode.swift; path = AppModelTests.swift; sourceTree = "<group>"; };
		EFAD4987A7D84527A0319FF4 /* ShredderService.swift */ = {isa = PBXFileReference; lastKnownFileType = sourcecode.swift; path = ShredderService.swift; sourceTree = "<group>"; };
		DA591E3AA1DC4CF795D2A4BE /* IntruderEvent.swift */ = {isa = PBXFileReference; lastKnownFileType = sourcecode.swift; path = IntruderEvent.swift; sourceTree = "<group>"; };
		B0D5633B6A6E4EA89DCB5B80 /* IntruderService.swift */ = {isa = PBXFileReference; lastKnownFileType = sourcecode.swift; path = IntruderService.swift; sourceTree = "<group>"; };
		5984571843A04EEC9F6AF4BB /* ShredderServiceTests.swift */ = {isa = PBXFileReference; lastKnownFileType = sourcecode.swift; path = ShredderServiceTests.swift; sourceTree = "<group>"; };
		F1B8E58494804A2C8F353C1D /* IntruderServiceTests.swift */ = {isa = PBXFileReference; lastKnownFileType = sourcecode.swift; path = IntruderServiceTests.swift; sourceTree = "<group>"; };
		5B4891FD8A174B7597AD137F /* CameraCapture.swift */ = {isa = PBXFileReference; lastKnownFileType = sourcecode.swift; path = CameraCapture.swift; sourceTree = "<group>"; };
		72C083BBBF984F54BC662706 /* StealthMode.swift */ = {isa = PBXFileReference; lastKnownFileType = sourcecode.swift; path = StealthMode.swift; sourceTree = "<group>"; };
		F6701F45486C4281B9646BE1 /* AutoLockController.swift */ = {isa = PBXFileReference; lastKnownFileType = sourcecode.swift; path = AutoLockController.swift; sourceTree = "<group>"; };
		55E1C45DE9FD44DDB54F5985 /* IntruderLogView.swift */ = {isa = PBXFileReference; lastKnownFileType = sourcecode.swift; path = IntruderLogView.swift; sourceTree = "<group>"; };
		BE10C0FFEE0042A1B0C0DE02 /* WalletView.swift */ = {isa = PBXFileReference; lastKnownFileType = sourcecode.swift; path = WalletView.swift; sourceTree = "<group>"; };
		BE2000000000000000000002 /* SecurityScopedAccess.swift */ = {isa = PBXFileReference; lastKnownFileType = sourcecode.swift; path = SecurityScopedAccess.swift; sourceTree = "<group>"; };
		BE3000000000000000000002 /* FailSafeTests.swift */ = {isa = PBXFileReference; lastKnownFileType = sourcecode.swift; path = FailSafeTests.swift; sourceTree = "<group>"; };
		BE4000000000000000000003 /* PangoLock.entitlements */ = {isa = PBXFileReference; lastKnownFileType = text.plist.entitlements; path = PangoLock.entitlements; sourceTree = "<group>"; };
		BF5000000000000000000002 /* Assets.xcassets */ = {isa = PBXFileReference; lastKnownFileType = folder.assetcatalog; path = Resources/Assets.xcassets; sourceTree = "<group>"; };
		0A7EED3A481A43A3A0BB9B97 /* EncryptedArchive.swift */ = {isa = PBXFileReference; lastKnownFileType = sourcecode.swift; path = EncryptedArchive.swift; sourceTree = "<group>"; };
		C330AA0E8E654D6E911716D5 /* SharingService.swift */ = {isa = PBXFileReference; lastKnownFileType = sourcecode.swift; path = SharingService.swift; sourceTree = "<group>"; };
		FCDF6CAD09044995AEF9F8CB /* PortableLockerService.swift */ = {isa = PBXFileReference; lastKnownFileType = sourcecode.swift; path = PortableLockerService.swift; sourceTree = "<group>"; };
		DAF5D06FE9294D8FBCD56F6C /* BackupService.swift */ = {isa = PBXFileReference; lastKnownFileType = sourcecode.swift; path = BackupService.swift; sourceTree = "<group>"; };
		91DA96A2C66D4995AF19C423 /* RecoveryService.swift */ = {isa = PBXFileReference; lastKnownFileType = sourcecode.swift; path = RecoveryService.swift; sourceTree = "<group>"; };
		82777EF2544B4ECEAAEC37A0 /* WalletService.swift */ = {isa = PBXFileReference; lastKnownFileType = sourcecode.swift; path = WalletService.swift; sourceTree = "<group>"; };
		4F399E08201A45E881DC7CEF /* PasswordGenerator.swift */ = {isa = PBXFileReference; lastKnownFileType = sourcecode.swift; path = PasswordGenerator.swift; sourceTree = "<group>"; };
		EB409A73971348F0BA7B286A /* CloudAwareness.swift */ = {isa = PBXFileReference; lastKnownFileType = sourcecode.swift; path = CloudAwareness.swift; sourceTree = "<group>"; };
		F9B0777C07EC4AE783BFF3C5 /* TraceCleanerService.swift */ = {isa = PBXFileReference; lastKnownFileType = sourcecode.swift; path = TraceCleanerService.swift; sourceTree = "<group>"; };
		EED49E1291A14C0DB104F103 /* WalletCard.swift */ = {isa = PBXFileReference; lastKnownFileType = sourcecode.swift; path = WalletCard.swift; sourceTree = "<group>"; };
		D97DBF272BC6481D85A79531 /* EncryptedArchiveTests.swift */ = {isa = PBXFileReference; lastKnownFileType = sourcecode.swift; path = EncryptedArchiveTests.swift; sourceTree = "<group>"; };
		B9C882E29D7140FFB2BA806B /* RecoveryServiceTests.swift */ = {isa = PBXFileReference; lastKnownFileType = sourcecode.swift; path = RecoveryServiceTests.swift; sourceTree = "<group>"; };
		3597AC6B2EC148E6812E62E4 /* WalletServiceTests.swift */ = {isa = PBXFileReference; lastKnownFileType = sourcecode.swift; path = WalletServiceTests.swift; sourceTree = "<group>"; };
		960BD66409EE4932A3DDA5CA /* CloudAndTraceTests.swift */ = {isa = PBXFileReference; lastKnownFileType = sourcecode.swift; path = CloudAndTraceTests.swift; sourceTree = "<group>"; };
/* End PBXFileReference section */

/* Begin PBXFrameworksBuildPhase section */
		E1E48D00E3AC4F1D883CDA2B /* Frameworks */ = {
			isa = PBXFrameworksBuildPhase;
			buildActionMask = 2147483647;
			files = (
			);
			runOnlyForDeploymentPostprocessing = 0;
		};
		418DBBB8187D47EFA31C82BA /* Frameworks */ = {
			isa = PBXFrameworksBuildPhase;
			buildActionMask = 2147483647;
			files = (
			);
			runOnlyForDeploymentPostprocessing = 0;
		};
/* End PBXFrameworksBuildPhase section */

/* Begin PBXGroup section */
		5E68FD0079FF41CC8B797697 = {
			isa = PBXGroup;
			children = (
				24986CDED42341D8BAC9EDD4 /* Sources */,
				62AA992A7E534D70A7C2162C /* Tests */,
				BE4000000000000000000003 /* PangoLock.entitlements */,
				FC8153D2BDBB41AA846DAEE7 /* Products */,
			);
			sourceTree = "<group>";
		};
		FC8153D2BDBB41AA846DAEE7 /* Products */ = {
			isa = PBXGroup;
			children = (
				55CD694A392A441C8C149356 /* PangoLock.app */,
				0D57030679AD427ABE02E834 /* PangoLockTests.xctest */,
			);
			name = Products;
			sourceTree = "<group>";
		};
		24986CDED42341D8BAC9EDD4 /* Sources */ = {
			isa = PBXGroup;
			children = (
				DAD445337ECB466788A8FD43 /* App */,
				7ABD95B1F6B241A38B4B5CB7 /* Views */,
				662FE0672F5C436BB13D6BFB /* Models */,
				CEBB63485F37443399FD23C1 /* Services */,
				5A56F6B5936E4068AF6EA917 /* ViewModels */,
				BF5000000000000000000002 /* Assets.xcassets */,
			);
			path = Sources;
			sourceTree = "<group>";
		};
		662FE0672F5C436BB13D6BFB /* Models */ = {
			isa = PBXGroup;
			children = (
				4AC890CC580A400084028DD1 /* VaultItem.swift */,
				DA591E3AA1DC4CF795D2A4BE /* IntruderEvent.swift */,
				EED49E1291A14C0DB104F103 /* WalletCard.swift */,
			);
			path = Models;
			sourceTree = "<group>";
		};
		DAD445337ECB466788A8FD43 /* App */ = {
			isa = PBXGroup;
			children = (
				185D968928704A769CA5CC54 /* PangoLockApp.swift */,
			);
			path = App;
			sourceTree = "<group>";
		};
		7ABD95B1F6B241A38B4B5CB7 /* Views */ = {
			isa = PBXGroup;
			children = (
				BEA149CBFF2F4A03A7981338 /* ContentView.swift */,
				D4B20D32B71B45479175C777 /* OnboardingView.swift */,
				0B9F628365DE42508F6548E5 /* LockedView.swift */,
				4D54226C45304E9D82ACB9FB /* VaultListView.swift */,
				A7715AD2C3D44939925F404D /* SettingsView.swift */,
				55E1C45DE9FD44DDB54F5985 /* IntruderLogView.swift */,
				BE10C0FFEE0042A1B0C0DE02 /* WalletView.swift */,
			);
			path = Views;
			sourceTree = "<group>";
		};
		5A56F6B5936E4068AF6EA917 /* ViewModels */ = {
			isa = PBXGroup;
			children = (
				7B5DE625E04C481694700328 /* AppModel.swift */,
			);
			path = ViewModels;
			sourceTree = "<group>";
		};
		CEBB63485F37443399FD23C1 /* Services */ = {
			isa = PBXGroup;
			children = (
				DE758E0943244690A9F01448 /* KeyDerivation.swift */,
				BD7AF3E0ECBD4932AE9EC8E0 /* CryptoService.swift */,
				A83A8487D6524DE48A8A7C4D /* KeychainService.swift */,
				AB5AA79F3FC44781B124B7A9 /* SecureWipe.swift */,
				D4D8297906D3450F848A2727 /* AuthService.swift */,
				4BD475D114E6446CA4E36A63 /* BiometricAuth.swift */,
				85F251357D1E4BBD9C6741ED /* RegistryStore.swift */,
				77F7DAB9A72B4B06ADCF5897 /* FileSystemService.swift */,
				42A7EFD9985941F7BAE19D6A /* VaultManager.swift */,
				533B7F04EB6F45D1B7EB0BA6 /* FolderArchiver.swift */,
				EFAD4987A7D84527A0319FF4 /* ShredderService.swift */,
				B0D5633B6A6E4EA89DCB5B80 /* IntruderService.swift */,
				5B4891FD8A174B7597AD137F /* CameraCapture.swift */,
				72C083BBBF984F54BC662706 /* StealthMode.swift */,
				F6701F45486C4281B9646BE1 /* AutoLockController.swift */,
				0A7EED3A481A43A3A0BB9B97 /* EncryptedArchive.swift */,
				C330AA0E8E654D6E911716D5 /* SharingService.swift */,
				FCDF6CAD09044995AEF9F8CB /* PortableLockerService.swift */,
				DAF5D06FE9294D8FBCD56F6C /* BackupService.swift */,
				91DA96A2C66D4995AF19C423 /* RecoveryService.swift */,
				82777EF2544B4ECEAAEC37A0 /* WalletService.swift */,
				4F399E08201A45E881DC7CEF /* PasswordGenerator.swift */,
				EB409A73971348F0BA7B286A /* CloudAwareness.swift */,
				F9B0777C07EC4AE783BFF3C5 /* TraceCleanerService.swift */,
				BE2000000000000000000002 /* SecurityScopedAccess.swift */,
			);
			path = Services;
			sourceTree = "<group>";
		};
		62AA992A7E534D70A7C2162C /* Tests */ = {
			isa = PBXGroup;
			children = (
				B67A5FDF0424401283F2B6EA /* CryptoServiceTests.swift */,
				975FA9FC49D54CFC911CB57C /* KeychainServiceTests.swift */,
				CF639448B4B1423C87647BA4 /* AuthServiceTests.swift */,
				D31C349C20474161BF870A53 /* RegistryStoreTests.swift */,
				65C81761BBB54E5F9C52E4A8 /* FileSystemServiceTests.swift */,
				F1784C2EA5EC47CA94667A2D /* VaultManagerTests.swift */,
				F0FFD22135D74073A102394B /* FolderArchiverTests.swift */,
				8517295945524B98B67ED0E6 /* VaultManagerLockTests.swift */,
				089317B28BBC4B6EB94FB61C /* AppModelTests.swift */,
				5984571843A04EEC9F6AF4BB /* ShredderServiceTests.swift */,
				F1B8E58494804A2C8F353C1D /* IntruderServiceTests.swift */,
				D97DBF272BC6481D85A79531 /* EncryptedArchiveTests.swift */,
				B9C882E29D7140FFB2BA806B /* RecoveryServiceTests.swift */,
				3597AC6B2EC148E6812E62E4 /* WalletServiceTests.swift */,
				960BD66409EE4932A3DDA5CA /* CloudAndTraceTests.swift */,
				BE3000000000000000000002 /* FailSafeTests.swift */,
			);
			path = Tests;
			sourceTree = "<group>";
		};
/* End PBXGroup section */

/* Begin PBXNativeTarget section */
		1AD2EC59F60A4A0EB6D0E88C /* PangoLock */ = {
			isa = PBXNativeTarget;
			buildConfigurationList = A9810DD5DB0C44A3ABAEE525 /* Build configuration list for PBXNativeTarget "PangoLock" */;
			buildPhases = (
				89527978C5644EAAB17BC220 /* Sources */,
				E1E48D00E3AC4F1D883CDA2B /* Frameworks */,
				C469E90152E14D9E80D63897 /* Resources */,
			);
			buildRules = (
			);
			dependencies = (
			);
			name = PangoLock;
			productName = PangoLock;
			productReference = 55CD694A392A441C8C149356 /* PangoLock.app */;
			productType = "com.apple.product-type.application";
		};
		751EED3522DE4571A9D6AB7F /* PangoLockTests */ = {
			isa = PBXNativeTarget;
			buildConfigurationList = ACAE1517CD1A4A68A1C6F22D /* Build configuration list for PBXNativeTarget "PangoLockTests" */;
			buildPhases = (
				ECB5594AC9B948DCBFB93BE4 /* Sources */,
				418DBBB8187D47EFA31C82BA /* Frameworks */,
				E62C3206CA7A451CAE61A316 /* Resources */,
			);
			buildRules = (
			);
			dependencies = (
			);
			name = PangoLockTests;
			productName = PangoLockTests;
			productReference = 0D57030679AD427ABE02E834 /* PangoLockTests.xctest */;
			productType = "com.apple.product-type.bundle.unit-test";
		};
/* End PBXNativeTarget section */

/* Begin PBXProject section */
		50204AD9FD3A496F98FF8819 /* Project object */ = {
			isa = PBXProject;
			attributes = {
				BuildIndependentTargetsInParallel = 1;
				LastSwiftUpdateCheck = 1610;
				LastUpgradeCheck = 1610;
				TargetAttributes = {
					1AD2EC59F60A4A0EB6D0E88C = {
						CreatedOnToolsVersion = 16.1;
					};
					751EED3522DE4571A9D6AB7F = {
						CreatedOnToolsVersion = 16.1;
					};
				};
			};
			buildConfigurationList = 93E1B7359BF4494795F8CAB6 /* Build configuration list for PBXProject "PangoLock" */;
			compatibilityVersion = "Xcode 14.0";
			developmentRegion = en;
			hasScannedForEncodings = 0;
			knownRegions = (
				en,
				Base,
			);
			mainGroup = 5E68FD0079FF41CC8B797697;
			productRefGroup = FC8153D2BDBB41AA846DAEE7 /* Products */;
			projectDirPath = "";
			projectRoot = "";
			targets = (
				1AD2EC59F60A4A0EB6D0E88C /* PangoLock */,
				751EED3522DE4571A9D6AB7F /* PangoLockTests */,
			);
		};
/* End PBXProject section */

/* Begin PBXResourcesBuildPhase section */
		C469E90152E14D9E80D63897 /* Resources */ = {
			isa = PBXResourcesBuildPhase;
			buildActionMask = 2147483647;
			files = (
				AF5000000000000000000001 /* Assets.xcassets in Resources */,
			);
			runOnlyForDeploymentPostprocessing = 0;
		};
		E62C3206CA7A451CAE61A316 /* Resources */ = {
			isa = PBXResourcesBuildPhase;
			buildActionMask = 2147483647;
			files = (
			);
			runOnlyForDeploymentPostprocessing = 0;
		};
/* End PBXResourcesBuildPhase section */

/* Begin PBXSourcesBuildPhase section */
		89527978C5644EAAB17BC220 /* Sources */ = {
			isa = PBXSourcesBuildPhase;
			buildActionMask = 2147483647;
			files = (
				85379EC50F4947CCA2250477 /* PangoLockApp.swift in Sources */,
				AE2000000000000000000001 /* SecurityScopedAccess.swift in Sources */,
				465B309A2B1A426F8639A2BA /* ContentView.swift in Sources */,
				0978D2F40BA84673B0F72FFF /* KeyDerivation.swift in Sources */,
				9EC4EC92E593454A949A328B /* CryptoService.swift in Sources */,
				66C455A90C7E466CB2856B0C /* KeychainService.swift in Sources */,
				C6A4E1501EAD48B3B0E8F9EB /* SecureWipe.swift in Sources */,
				FAA50AD37A3E498B81910A04 /* AuthService.swift in Sources */,
				56A33ED823344678B78DB543 /* BiometricAuth.swift in Sources */,
				50B5B8C399E3459D80B011B3 /* VaultItem.swift in Sources */,
				BF83E6D91DCB488897385EC6 /* RegistryStore.swift in Sources */,
				336D12ADBEFA44F3A0B03541 /* FileSystemService.swift in Sources */,
				FBDCBB59D90A44BEB02F8BE6 /* VaultManager.swift in Sources */,
				C4BD675F13BF43EB9BC077D5 /* FolderArchiver.swift in Sources */,
				52C06A4B220441DBA3B55649 /* AppModel.swift in Sources */,
				8485276AF7E041AE96FFF904 /* OnboardingView.swift in Sources */,
				9D564FD6F5CB42569177318D /* LockedView.swift in Sources */,
				C77E8E039A8A4FE483DFA8F8 /* VaultListView.swift in Sources */,
				61503C13493A46D5A8D47D14 /* SettingsView.swift in Sources */,
				A59DCDBD419E4C3CAE79420A /* ShredderService.swift in Sources */,
				3A607E96ECB247C0A7EACCC4 /* IntruderEvent.swift in Sources */,
				881C02CF68E34FB0A1F99BCB /* IntruderService.swift in Sources */,
				C778A41CEBAE4C859A4FB353 /* CameraCapture.swift in Sources */,
				C22C92ABD7FB4A919E936AA9 /* StealthMode.swift in Sources */,
				2C9FE2062B2B4B3883E6D855 /* AutoLockController.swift in Sources */,
				17B71CAF2D9D49F589C05B53 /* IntruderLogView.swift in Sources */,
				AE10C0FFEE0042A1B0C0DE01 /* WalletView.swift in Sources */,
				25DD09C3790746F599006EBE /* EncryptedArchive.swift in Sources */,
				A52EDBA7B1E34D9687D863BE /* SharingService.swift in Sources */,
				2E0F28FBE5CE439C898BA196 /* PortableLockerService.swift in Sources */,
				20C7D9EBF2824B87B4DE9B14 /* BackupService.swift in Sources */,
				B6CD3A90F72E4848A61B4F01 /* RecoveryService.swift in Sources */,
				1C6DEB04ED864CE49172B7B1 /* WalletService.swift in Sources */,
				5804241895D446629995F30D /* PasswordGenerator.swift in Sources */,
				48428578C7554D9CB3F8E789 /* CloudAwareness.swift in Sources */,
				9DB2520E1D004585820C3DF9 /* TraceCleanerService.swift in Sources */,
				7EFA5286AE5743F89EF7FA36 /* WalletCard.swift in Sources */,
			);
			runOnlyForDeploymentPostprocessing = 0;
		};
		ECB5594AC9B948DCBFB93BE4 /* Sources */ = {
			isa = PBXSourcesBuildPhase;
			buildActionMask = 2147483647;
			files = (
				E461D065DD444D918433CDBD /* CryptoServiceTests.swift in Sources */,
				CDD8BE5233404CA38BA4DE63 /* KeychainServiceTests.swift in Sources */,
				4632236D6CE741A5B7D54517 /* KeyDerivation.swift in Sources */,
				A9FDEFC774334A6987DCBBE1 /* CryptoService.swift in Sources */,
				EF07F6A68A0E4214A209D596 /* KeychainService.swift in Sources */,
				C2A0DE141FC0413CAD0064A3 /* SecureWipe.swift in Sources */,
				D423257C74C7432EA6F27BAC /* BiometricAuth.swift in Sources */,
				F63F005F05C5432FA6EB9AEF /* AuthService.swift in Sources */,
				6D0A416219D54642A4B568B0 /* AuthServiceTests.swift in Sources */,
				90DD67561FC441BEA04B278E /* VaultItem.swift in Sources */,
				0865FF1A4CF94DB09D53554A /* RegistryStore.swift in Sources */,
				378C1298944B4692BAD8CB41 /* FileSystemService.swift in Sources */,
				6B4E528622FE49CB81A7E981 /* VaultManager.swift in Sources */,
				6EF07D5CF9ED47ACBB064C01 /* RegistryStoreTests.swift in Sources */,
				16963977EA2B479FAF23FAFD /* FileSystemServiceTests.swift in Sources */,
				9102EFC0A2224866AA951EDA /* VaultManagerTests.swift in Sources */,
				2DD1BD019FBE447EBDBECBA1 /* FolderArchiver.swift in Sources */,
				5584779A7B744CC1B9C59BD3 /* FolderArchiverTests.swift in Sources */,
				E8EA7E3402BF48468F1B6DC0 /* VaultManagerLockTests.swift in Sources */,
				8F6BF123F84C4B128E124DE5 /* AppModel.swift in Sources */,
				16C9377B46A143D4A4D26226 /* AppModelTests.swift in Sources */,
				CDCF5517C5E645BAAD8487C5 /* ShredderService.swift in Sources */,
				23383BAC21184BE1838046F4 /* IntruderEvent.swift in Sources */,
				0D2F1B72932C4174B3452D6A /* IntruderService.swift in Sources */,
				9CC8C96B8DDB4A179F9B438E /* ShredderServiceTests.swift in Sources */,
				D6F2C00D8F3546F28FE0A6BD /* IntruderServiceTests.swift in Sources */,
				8C24006595DC47199F1A30B6 /* CameraCapture.swift in Sources */,
				0470A634320841FD9ED236C3 /* EncryptedArchive.swift in Sources */,
				9C47C926C156461FAD95C4D7 /* SharingService.swift in Sources */,
				0664F9FB6E8C4013A9A1F506 /* PortableLockerService.swift in Sources */,
				A8988248A1FE404E8A12AF3C /* BackupService.swift in Sources */,
				A5B5F81789694401940AE8E3 /* RecoveryService.swift in Sources */,
				61F310FE0A554A89ADD399BE /* WalletService.swift in Sources */,
				46085C8E79954693A1607C3A /* PasswordGenerator.swift in Sources */,
				7E7E1FEA7B914893B1AD1364 /* CloudAwareness.swift in Sources */,
				E230E6B764CB4FC293AF5024 /* TraceCleanerService.swift in Sources */,
				59905BB48F65437F94490B46 /* WalletCard.swift in Sources */,
				1139E3609C3A42E0ABE2E6C4 /* EncryptedArchiveTests.swift in Sources */,
				1C5D3A0F97D14F9C8C67662F /* RecoveryServiceTests.swift in Sources */,
				A81AFB8BC9DF46F9A4714F6A /* WalletServiceTests.swift in Sources */,
				ADF46A6D998840E29E9C36BD /* CloudAndTraceTests.swift in Sources */,
				CE2000000000000000000003 /* SecurityScopedAccess.swift in Sources */,
				AE3000000000000000000001 /* FailSafeTests.swift in Sources */,
			);
			runOnlyForDeploymentPostprocessing = 0;
		};
/* End PBXSourcesBuildPhase section */

/* Begin XCBuildConfiguration section */
		B6D9C08D84BC40889A47D720 /* Debug */ = {
			isa = XCBuildConfiguration;
			buildSettings = {
				ALWAYS_SEARCH_USER_PATHS = NO;
				CLANG_ANALYZER_NONNULL = YES;
				CLANG_ENABLE_MODULES = YES;
				CLANG_ENABLE_OBJC_ARC = YES;
				COPY_PHASE_STRIP = NO;
				DEBUG_INFORMATION_FORMAT = dwarf;
				ENABLE_STRICT_OBJC_MSGSEND = YES;
				ENABLE_TESTABILITY = YES;
				GCC_C_LANGUAGE_STANDARD = gnu17;
				GCC_DYNAMIC_NO_PIC = NO;
				GCC_OPTIMIZATION_LEVEL = 0;
				GCC_PREPROCESSOR_DEFINITIONS = (
					"DEBUG=1",
					"$(inherited)",
				);
				MACOSX_DEPLOYMENT_TARGET = 13.0;
				MTL_ENABLE_DEBUG_INFO = INCLUDE_SOURCE;
				ONLY_ACTIVE_ARCH = YES;
				SDKROOT = macosx;
				SWIFT_ACTIVE_COMPILATION_CONDITIONS = DEBUG;
				SWIFT_OPTIMIZATION_LEVEL = "-Onone";
			};
			name = Debug;
		};
		08D61985A24041F8821829BA /* Release */ = {
			isa = XCBuildConfiguration;
			buildSettings = {
				ALWAYS_SEARCH_USER_PATHS = NO;
				CLANG_ANALYZER_NONNULL = YES;
				CLANG_ENABLE_MODULES = YES;
				CLANG_ENABLE_OBJC_ARC = YES;
				COPY_PHASE_STRIP = NO;
				DEBUG_INFORMATION_FORMAT = "dwarf-with-dsym";
				ENABLE_NS_ASSERTIONS = NO;
				ENABLE_STRICT_OBJC_MSGSEND = YES;
				GCC_C_LANGUAGE_STANDARD = gnu17;
				MACOSX_DEPLOYMENT_TARGET = 13.0;
				MTL_ENABLE_DEBUG_INFO = NO;
				SDKROOT = macosx;
				SWIFT_COMPILATION_MODE = wholemodule;
				SWIFT_OPTIMIZATION_LEVEL = "-O";
			};
			name = Release;
		};
		5DC587ECEAF240EBB94588E1 /* Debug */ = {
			isa = XCBuildConfiguration;
			buildSettings = {
				ASSETCATALOG_COMPILER_APPICON_NAME = AppIcon;
				ASSETCATALOG_COMPILER_GENERATE_ASSET_SYMBOLS = NO;
				CODE_SIGN_ENTITLEMENTS = PangoLock.entitlements;
				CODE_SIGN_STYLE = Automatic;
				COMBINE_HIDPI_IMAGES = YES;
				CURRENT_PROJECT_VERSION = 1;
				ENABLE_HARDENED_RUNTIME = YES;
				GENERATE_INFOPLIST_FILE = YES;
				INFOPLIST_KEY_NSCameraUsageDescription = "PangoLock captures a photo after repeated failed unlock attempts to help identify intruders.";
				INFOPLIST_KEY_NSHumanReadableCopyright = "";
				LD_RUNPATH_SEARCH_PATHS = (
					"$(inherited)",
					"@executable_path/../Frameworks",
				);
				MARKETING_VERSION = 0.1.0;
				PRODUCT_BUNDLE_IDENTIFIER = com.pangolock.app;
				PRODUCT_NAME = "$(TARGET_NAME)";
				SWIFT_EMIT_LOC_STRINGS = YES;
				SWIFT_VERSION = 5.0;
			};
			name = Debug;
		};
		B150D5F155404B2C91562A8E /* Release */ = {
			isa = XCBuildConfiguration;
			buildSettings = {
				ASSETCATALOG_COMPILER_APPICON_NAME = AppIcon;
				ASSETCATALOG_COMPILER_GENERATE_ASSET_SYMBOLS = NO;
				CODE_SIGN_ENTITLEMENTS = PangoLock.entitlements;
				CODE_SIGN_STYLE = Automatic;
				COMBINE_HIDPI_IMAGES = YES;
				CURRENT_PROJECT_VERSION = 1;
				ENABLE_HARDENED_RUNTIME = YES;
				GENERATE_INFOPLIST_FILE = YES;
				INFOPLIST_KEY_NSCameraUsageDescription = "PangoLock captures a photo after repeated failed unlock attempts to help identify intruders.";
				INFOPLIST_KEY_NSHumanReadableCopyright = "";
				LD_RUNPATH_SEARCH_PATHS = (
					"$(inherited)",
					"@executable_path/../Frameworks",
				);
				MARKETING_VERSION = 0.1.0;
				PRODUCT_BUNDLE_IDENTIFIER = com.pangolock.app;
				PRODUCT_NAME = "$(TARGET_NAME)";
				SWIFT_EMIT_LOC_STRINGS = YES;
				SWIFT_VERSION = 5.0;
			};
			name = Release;
		};
		7CA815940DFE4CF2BA2AD6DE /* Debug */ = {
			isa = XCBuildConfiguration;
			buildSettings = {
				ALWAYS_EMBED_SWIFT_STANDARD_LIBRARIES = YES;
				CODE_SIGN_STYLE = Automatic;
				CURRENT_PROJECT_VERSION = 1;
				ENABLE_TESTING_SEARCH_PATHS = YES;
				GENERATE_INFOPLIST_FILE = YES;
				LD_RUNPATH_SEARCH_PATHS = (
					"$(inherited)",
					"@executable_path/../Frameworks",
					"@loader_path/../Frameworks",
				);
				MACOSX_DEPLOYMENT_TARGET = 13.0;
				MARKETING_VERSION = 0.1.0;
				PRODUCT_BUNDLE_IDENTIFIER = com.pangolock.tests;
				PRODUCT_NAME = "$(TARGET_NAME)";
				SWIFT_EMIT_LOC_STRINGS = NO;
				SWIFT_VERSION = 5.0;
			};
			name = Debug;
		};
		2645C8A8BC1149C691A7E9EA /* Release */ = {
			isa = XCBuildConfiguration;
			buildSettings = {
				ALWAYS_EMBED_SWIFT_STANDARD_LIBRARIES = YES;
				CODE_SIGN_STYLE = Automatic;
				CURRENT_PROJECT_VERSION = 1;
				ENABLE_TESTING_SEARCH_PATHS = YES;
				GENERATE_INFOPLIST_FILE = YES;
				LD_RUNPATH_SEARCH_PATHS = (
					"$(inherited)",
					"@executable_path/../Frameworks",
					"@loader_path/../Frameworks",
				);
				MACOSX_DEPLOYMENT_TARGET = 13.0;
				MARKETING_VERSION = 0.1.0;
				PRODUCT_BUNDLE_IDENTIFIER = com.pangolock.tests;
				PRODUCT_NAME = "$(TARGET_NAME)";
				SWIFT_EMIT_LOC_STRINGS = NO;
				SWIFT_VERSION = 5.0;
			};
			name = Release;
		};
/* End XCBuildConfiguration section */

/* Begin XCConfigurationList section */
		93E1B7359BF4494795F8CAB6 /* Build configuration list for PBXProject "PangoLock" */ = {
			isa = XCConfigurationList;
			buildConfigurations = (
				B6D9C08D84BC40889A47D720 /* Debug */,
				08D61985A24041F8821829BA /* Release */,
			);
			defaultConfigurationIsVisible = 0;
			defaultConfigurationName = Release;
		};
		A9810DD5DB0C44A3ABAEE525 /* Build configuration list for PBXNativeTarget "PangoLock" */ = {
			isa = XCConfigurationList;
			buildConfigurations = (
				5DC587ECEAF240EBB94588E1 /* Debug */,
				B150D5F155404B2C91562A8E /* Release */,
			);
			defaultConfigurationIsVisible = 0;
			defaultConfigurationName = Release;
		};
		ACAE1517CD1A4A68A1C6F22D /* Build configuration list for PBXNativeTarget "PangoLockTests" */ = {
			isa = XCConfigurationList;
			buildConfigurations = (
				7CA815940DFE4CF2BA2AD6DE /* Debug */,
				2645C8A8BC1149C691A7E9EA /* Release */,
			);
			defaultConfigurationIsVisible = 0;
			defaultConfigurationName = Release;
		};
/* End XCConfigurationList section */
	};
	rootObject = 50204AD9FD3A496F98FF8819 /* Project object */;
}
